
Microsoft Visual Studio Solution File, Format Version 12.00
# Visual Studio Version 17
VisualStudioVersion = 17.9.34728.123
MinimumVisualStudioVersion = 10.0.40219.1
Project("{FAE04EC0-301F-11D3-BF4B-00C04F79EFBC}") = "FinalProject_Back-end", "FinalProject_Back-end.csproj", "{77AA1B7D-5623-4A08-B138-C9B53092FE98}"
EndProject
Global
	GlobalSection(SolutionConfigurationPlatforms) = preSolution
		Debug|Any CPU = Debug|Any CPU
		Release|Any CPU = Release|Any CPU
	EndGlobalSection
	GlobalSection(ProjectConfigurationPlatforms) = postSolution
		{77AA1B7D-5623-4A08-B138-C9B53092FE98}.Debug|Any CPU.ActiveCfg = Debug|Any CPU
		{77AA1B7D-5623-4A08-B138-C9B53092FE98}.Debug|Any CPU.Build.0 = Debug|Any CPU
		{77AA1B7D-5623-4A08-B138-C9B53092FE98}.Release|Any CPU.ActiveCfg = Release|Any CPU
		{77AA1B7D-5623-4A08-B138-C9B53092FE98}.Release|Any CPU.Build.0 = Release|Any CPU
	EndGlobalSection
	GlobalSection(SolutionProperties) = preSolution
		HideSolutionNode = FALSE
	EndGlobalSection
	GlobalSection(ExtensibilityGlobals) = postSolution
		SolutionGuid = {32FBF2D8-F88A-4DCE-964E-D91C2CA71AD3}
	EndGlobalSection
EndGlobal
